
Microsoft Visual Studio Solution File, Format Version 12.00
# Visual Studio Version 17
VisualStudioVersion = 17.1.32421.90
MinimumVisualStudioVersion = 10.0.40219.1
Project("{FAE04EC0-301F-11D3-BF4B-00C04F79EFBC}") = "DNNrocketAPI", "..\..\DNNrocket\API\DNNrocketAPI.csproj", "{2200F6C3-7D4B-4CDF-908F-DCA37ADFB121}"
EndProject
Project("{9A19103F-16F7-4668-BE54-9A1E7A4F7556}") = "Simplisity", "..\..\DNNrocket\Simplisity\Simplisity.csproj", "{022F9C73-0D0C-463E-9F21-3C81A675247E}"
EndProject
Project("{9A19103F-16F7-4668-BE54-9A1E7A4F7556}") = "RocketPortal", "..\..\DNNrocket\RocketPortal\RocketPortal.csproj", "{D4A7DCF0-1097-456B-83C0-C42D50D97698}"
EndProject
Project("{9A19103F-16F7-4668-BE54-9A1E7A4F7556}") = "AppThemes", "..\..\DNNrocket\RocketAppTheme\AppThemes.csproj", "{41E56861-C0C6-476F-A769-65211AEE9AC2}"
EndProject
Project("{9A19103F-16F7-4668-BE54-9A1E7A4F7556}") = "RocketSystemWrapTemplate", "RocketSystemWrapTemplate.csproj", "{8FFB96EE-4B0C-4176-BD5E-47ABD7C3F653}"
EndProject
Project("{9A19103F-16F7-4668-BE54-9A1E7A4F7556}") = "RocketDirectoryAPI", "..\RocketDirectoryAPI\RocketDirectoryAPI.csproj", "{EB646EDB-BAC4-4B65-95F9-39B8495590D2}"
EndProject
Global
	GlobalSection(SolutionConfigurationPlatforms) = preSolution
		Comp All|Any CPU = Comp All|Any CPU
		CompAll|Any CPU = CompAll|Any CPU
		Debug|Any CPU = Debug|Any CPU
		Razor|Any CPU = Razor|Any CPU
		Release|Any CPU = Release|Any CPU
	EndGlobalSection
	GlobalSection(ProjectConfigurationPlatforms) = postSolution
		{2200F6C3-7D4B-4CDF-908F-DCA37ADFB121}.Comp All|Any CPU.ActiveCfg = Comp All|Any CPU
		{2200F6C3-7D4B-4CDF-908F-DCA37ADFB121}.Comp All|Any CPU.Build.0 = Comp All|Any CPU
		{2200F6C3-7D4B-4CDF-908F-DCA37ADFB121}.CompAll|Any CPU.ActiveCfg = CompAll|Any CPU
		{2200F6C3-7D4B-4CDF-908F-DCA37ADFB121}.CompAll|Any CPU.Build.0 = CompAll|Any CPU
		{2200F6C3-7D4B-4CDF-908F-DCA37ADFB121}.Debug|Any CPU.ActiveCfg = Debug|Any CPU
		{2200F6C3-7D4B-4CDF-908F-DCA37ADFB121}.Razor|Any CPU.ActiveCfg = Razor|Any CPU
		{2200F6C3-7D4B-4CDF-908F-DCA37ADFB121}.Release|Any CPU.ActiveCfg = Release|Any CPU
		{022F9C73-0D0C-463E-9F21-3C81A675247E}.Comp All|Any CPU.ActiveCfg = Comp All|Any CPU
		{022F9C73-0D0C-463E-9F21-3C81A675247E}.Comp All|Any CPU.Build.0 = Comp All|Any CPU
		{022F9C73-0D0C-463E-9F21-3C81A675247E}.CompAll|Any CPU.ActiveCfg = CompAll|Any CPU
		{022F9C73-0D0C-463E-9F21-3C81A675247E}.CompAll|Any CPU.Build.0 = CompAll|Any CPU
		{022F9C73-0D0C-463E-9F21-3C81A675247E}.Debug|Any CPU.ActiveCfg = Debug|Any CPU
		{022F9C73-0D0C-463E-9F21-3C81A675247E}.Razor|Any CPU.ActiveCfg = Razor|Any CPU
		{022F9C73-0D0C-463E-9F21-3C81A675247E}.Release|Any CPU.ActiveCfg = Release|Any CPU
		{D4A7DCF0-1097-456B-83C0-C42D50D97698}.Comp All|Any CPU.ActiveCfg = Comp All|Any CPU
		{D4A7DCF0-1097-456B-83C0-C42D50D97698}.Comp All|Any CPU.Build.0 = Comp All|Any CPU
		{D4A7DCF0-1097-456B-83C0-C42D50D97698}.CompAll|Any CPU.ActiveCfg = CompAll|Any CPU
		{D4A7DCF0-1097-456B-83C0-C42D50D97698}.CompAll|Any CPU.Build.0 = CompAll|Any CPU
		{D4A7DCF0-1097-456B-83C0-C42D50D97698}.Debug|Any CPU.ActiveCfg = Debug|Any CPU
		{D4A7DCF0-1097-456B-83C0-C42D50D97698}.Razor|Any CPU.ActiveCfg = Release|Any CPU
		{D4A7DCF0-1097-456B-83C0-C42D50D97698}.Release|Any CPU.ActiveCfg = Release|Any CPU
		{41E56861-C0C6-476F-A769-65211AEE9AC2}.Comp All|Any CPU.ActiveCfg = Comp All|Any CPU
		{41E56861-C0C6-476F-A769-65211AEE9AC2}.Comp All|Any CPU.Build.0 = Comp All|Any CPU
		{41E56861-C0C6-476F-A769-65211AEE9AC2}.CompAll|Any CPU.ActiveCfg = CompAll|Any CPU
		{41E56861-C0C6-476F-A769-65211AEE9AC2}.CompAll|Any CPU.Build.0 = CompAll|Any CPU
		{41E56861-C0C6-476F-A769-65211AEE9AC2}.Debug|Any CPU.ActiveCfg = Debug|Any CPU
		{41E56861-C0C6-476F-A769-65211AEE9AC2}.Razor|Any CPU.ActiveCfg = Razor|Any CPU
		{41E56861-C0C6-476F-A769-65211AEE9AC2}.Release|Any CPU.ActiveCfg = Release|Any CPU
		{8FFB96EE-4B0C-4176-BD5E-47ABD7C3F653}.Comp All|Any CPU.ActiveCfg = Debug|Any CPU
		{8FFB96EE-4B0C-4176-BD5E-47ABD7C3F653}.Comp All|Any CPU.Build.0 = Debug|Any CPU
		{8FFB96EE-4B0C-4176-BD5E-47ABD7C3F653}.CompAll|Any CPU.ActiveCfg = Debug|Any CPU
		{8FFB96EE-4B0C-4176-BD5E-47ABD7C3F653}.CompAll|Any CPU.Build.0 = Debug|Any CPU
		{8FFB96EE-4B0C-4176-BD5E-47ABD7C3F653}.Debug|Any CPU.ActiveCfg = Debug|Any CPU
		{8FFB96EE-4B0C-4176-BD5E-47ABD7C3F653}.Debug|Any CPU.Build.0 = Debug|Any CPU
		{8FFB96EE-4B0C-4176-BD5E-47ABD7C3F653}.Razor|Any CPU.ActiveCfg = Release|Any CPU
		{8FFB96EE-4B0C-4176-BD5E-47ABD7C3F653}.Release|Any CPU.ActiveCfg = Release|Any CPU
		{8FFB96EE-4B0C-4176-BD5E-47ABD7C3F653}.Release|Any CPU.Build.0 = Release|Any CPU
		{EB646EDB-BAC4-4B65-95F9-39B8495590D2}.Comp All|Any CPU.ActiveCfg = Comp All|Any CPU
		{EB646EDB-BAC4-4B65-95F9-39B8495590D2}.Comp All|Any CPU.Build.0 = Comp All|Any CPU
		{EB646EDB-BAC4-4B65-95F9-39B8495590D2}.CompAll|Any CPU.ActiveCfg = CompAll|Any CPU
		{EB646EDB-BAC4-4B65-95F9-39B8495590D2}.CompAll|Any CPU.Build.0 = CompAll|Any CPU
		{EB646EDB-BAC4-4B65-95F9-39B8495590D2}.Debug|Any CPU.ActiveCfg = Debug|Any CPU
		{EB646EDB-BAC4-4B65-95F9-39B8495590D2}.Debug|Any CPU.Build.0 = Debug|Any CPU
		{EB646EDB-BAC4-4B65-95F9-39B8495590D2}.Razor|Any CPU.ActiveCfg = Razor|Any CPU
		{EB646EDB-BAC4-4B65-95F9-39B8495590D2}.Razor|Any CPU.Build.0 = Razor|Any CPU
		{EB646EDB-BAC4-4B65-95F9-39B8495590D2}.Release|Any CPU.ActiveCfg = Release|Any CPU
		{EB646EDB-BAC4-4B65-95F9-39B8495590D2}.Release|Any CPU.Build.0 = Release|Any CPU
	EndGlobalSection
	GlobalSection(SolutionProperties) = preSolution
		HideSolutionNode = FALSE
	EndGlobalSection
	GlobalSection(ExtensibilityGlobals) = postSolution
		SolutionGuid = {43BDABCC-6DA3-4346-9B80-F2198DCF8C62}
	EndGlobalSection
EndGlobal
